
Microsoft Visual Studio Solution File, Format Version 12.00
# Visual Studio 15
VisualStudioVersion = 15.0.27130.2010
MinimumVisualStudioVersion = 10.0.40219.1
Project("{FAE04EC0-301F-11D3-BF4B-00C04F79EFBC}") = "mcTransmitter", "mcTransmitter\mcTransmitter.csproj", "{C5E2DA9E-49DF-4687-94B0-2B01110EB5FA}"
EndProject
Project("{FAE04EC0-301F-11D3-BF4B-00C04F79EFBC}") = "HostForTransmitter", "..\HostForTransmitter\HostForTransmitter.csproj", "{3ACA367D-3577-40DA-A796-1429E7AB5EAE}"
EndProject
Project("{FAE04EC0-301F-11D3-BF4B-00C04F79EFBC}") = "Tests", "..\Tests\Tests.csproj", "{07C0BB75-BF55-4304-8113-A01EC22D657C}"
EndProject
Global
	GlobalSection(SolutionConfigurationPlatforms) = preSolution
		Debug|Any CPU = Debug|Any CPU
		Release|Any CPU = Release|Any CPU
	EndGlobalSection
	GlobalSection(ProjectConfigurationPlatforms) = postSolution
		{C5E2DA9E-49DF-4687-94B0-2B01110EB5FA}.Debug|Any CPU.ActiveCfg = Debug|Any CPU
		{C5E2DA9E-49DF-4687-94B0-2B01110EB5FA}.Debug|Any CPU.Build.0 = Debug|Any CPU
		{C5E2DA9E-49DF-4687-94B0-2B01110EB5FA}.Release|Any CPU.ActiveCfg = Release|Any CPU
		{C5E2DA9E-49DF-4687-94B0-2B01110EB5FA}.Release|Any CPU.Build.0 = Release|Any CPU
		{3ACA367D-3577-40DA-A796-1429E7AB5EAE}.Debug|Any CPU.ActiveCfg = Debug|Any CPU
		{3ACA367D-3577-40DA-A796-1429E7AB5EAE}.Debug|Any CPU.Build.0 = Debug|Any CPU
		{3ACA367D-3577-40DA-A796-1429E7AB5EAE}.Release|Any CPU.ActiveCfg = Release|Any CPU
		{3ACA367D-3577-40DA-A796-1429E7AB5EAE}.Release|Any CPU.Build.0 = Release|Any CPU
		{07C0BB75-BF55-4304-8113-A01EC22D657C}.Debug|Any CPU.ActiveCfg = Debug|Any CPU
		{07C0BB75-BF55-4304-8113-A01EC22D657C}.Debug|Any CPU.Build.0 = Debug|Any CPU
		{07C0BB75-BF55-4304-8113-A01EC22D657C}.Release|Any CPU.ActiveCfg = Release|Any CPU
		{07C0BB75-BF55-4304-8113-A01EC22D657C}.Release|Any CPU.Build.0 = Release|Any CPU
	EndGlobalSection
	GlobalSection(SolutionProperties) = preSolution
		HideSolutionNode = FALSE
	EndGlobalSection
	GlobalSection(ExtensibilityGlobals) = postSolution
		SolutionGuid = {6FC4A23B-E380-43F0-BD61-9A5C82F54DE7}
	EndGlobalSection
	GlobalSection(SubversionScc) = preSolution
		Svn-Managed = True
		Manager = AnkhSVN - Subversion Support for Visual Studio
	EndGlobalSection
EndGlobal
